
Microsoft Visual Studio Solution File, Format Version 12.00
# Visual Studio Version 17
VisualStudioVersion = 17.9.34902.65
MinimumVisualStudioVersion = 10.0.40219.1
Project("{9A19103F-16F7-4668-BE54-9A1E7A4F7556}") = "CondLog", "CondLog\CondLog.csproj", "{AB374C46-9E6E-41F9-9857-D5712B08F966}"
EndProject
Global
	GlobalSection(SolutionConfigurationPlatforms) = preSolution
		Debug|Any CPU = Debug|Any CPU
		Release|Any CPU = Release|Any CPU
	EndGlobalSection
	GlobalSection(ProjectConfigurationPlatforms) = postSolution
		{AB374C46-9E6E-41F9-9857-D5712B08F966}.Debug|Any CPU.ActiveCfg = Debug|Any CPU
		{AB374C46-9E6E-41F9-9857-D5712B08F966}.Debug|Any CPU.Build.0 = Debug|Any CPU
		{AB374C46-9E6E-41F9-9857-D5712B08F966}.Release|Any CPU.ActiveCfg = Release|Any CPU
		{AB374C46-9E6E-41F9-9857-D5712B08F966}.Release|Any CPU.Build.0 = Release|Any CPU
	EndGlobalSection
	GlobalSection(SolutionProperties) = preSolution
		HideSolutionNode = FALSE
	EndGlobalSection
	GlobalSection(ExtensibilityGlobals) = postSolution
		SolutionGuid = {83BBBF8B-49C3-40DD-A3BC-14F151542F34}
	EndGlobalSection
EndGlobal
